<?xml version="1.0" encoding="utf-8"?>
<Project ToolsVersion="4.0" xmlns="http://schemas.microsoft.com/developer/msbuild/2003">
  <ItemGroup>
    <Filter Include="Source Files">
      <UniqueIdentifier>{f861ef0d-25f3-4a78-8964-5c56bb64ce94}</UniqueIdentifier>
      <Extensions>cpp;c;cxx;rc;def;r;odl;idl;hpj;bat</Extensions>
    </Filter>
    <Filter Include="Header Files">
      <UniqueIdentifier>{f2dbb832-506f-4bba-8cab-eb240fdf8cae}</UniqueIdentifier>
      <Extensions>h;hpp;hxx;hm;inl</Extensions>
    </Filter>
    <Filter Include="Resource Files">
      <UniqueIdentifier>{a2581164-2a67-4201-8310-d6cb82181f32}</UniqueIdentifier>
      <Extensions>ico;cur;bmp;dlg;rc2;rct;bin;rgs;gif;jpg;jpeg;jpe</Extensions>
    </Filter>
    <Filter Include="External Headers">
      <UniqueIdentifier>{1ea7391c-22f5-4aa4-8850-6dcc37bcf828}</UniqueIdentifier>
    </Filter>
  </ItemGroup>
  <ItemGroup>
    <ClCompile Include="IdsMOCA.cpp">
      <Filter>Source Files</Filter>
    </ClCompile>
    <ClCompile Include="IdsMOCADlg.cpp">
      <Filter>Source Files</Filter>
    </ClCompile>
    <ClCompile Include="StdAfx.cpp">
      <Filter>Source Files</Filter>
    </ClCompile>
  </ItemGroup>
  <ItemGroup>
    <ClInclude Include="IdsMOCA.h">
      <Filter>Header Files</Filter>
    </ClInclude>
    <ClInclude Include="IdsMOCADlg.h">
      <Filter>Header Files</Filter>
    </ClInclude>
    <ClInclude Include="StdAfx.h">
      <Filter>Header Files</Filter>
    </ClInclude>
    <ClInclude Include="Resource.h">
      <Filter>Resource Files</Filter>
    </ClInclude>
    <ClInclude Include="..\..\include\uEye.h">
      <Filter>External Headers</Filter>
    </ClInclude>
  </ItemGroup>
  <ItemGroup>
    <Image Include="res\IDS_LOGO_GREY_93_40.bmp">
      <Filter>Resource Files</Filter>
    </Image>
    <Image Include="res\IDS_UEYE_LOGO_WHITE.bmp">
      <Filter>Resource Files</Filter>
    </Image>
    <Image Include="res\IdsMOCA.ico">
      <Filter>Resource Files</Filter>
    </Image>
  </ItemGroup>
  <ItemGroup>
    <ResourceCompile Include="IdsMOCA.rc">
      <Filter>Resource Files</Filter>
    </ResourceCompile>
  </ItemGroup>
  <ItemGroup>
    <None Include="res\IdsMOCA.rc2">
      <Filter>Resource Files</Filter>
    </None>
  </ItemGroup>
  <ItemGroup>
    <CustomBuild Include="res\IdsMOCA.manifest">
      <Filter>Resource Files</Filter>
    </CustomBuild>
    <CustomBuild Include="res\IdsMOCA_64.manifest">
      <Filter>Resource Files</Filter>
    </CustomBuild>
  </ItemGroup>
</Project>